
Microsoft Visual Studio Solution File, Format Version 12.00
# Visual Studio Version 17
VisualStudioVersion = 17.4.33213.308
MinimumVisualStudioVersion = 10.0.40219.1
Project("{FAE04EC0-301F-11D3-BF4B-00C04F79EFBC}") = "Dynacoop2023.AlfaPeople.ConsoleApplication", "Dynacoop2023.AlfaPeople.ConsoleApplication\Dynacoop2023.AlfaPeople.ConsoleApplication.csproj", "{F1E5906E-BBA7-4DBD-B339-EAAA950C212C}"
EndProject
Global
	GlobalSection(SolutionConfigurationPlatforms) = preSolution
		Debug|Any CPU = Debug|Any CPU
		Release|Any CPU = Release|Any CPU
	EndGlobalSection
	GlobalSection(ProjectConfigurationPlatforms) = postSolution
		{F1E5906E-BBA7-4DBD-B339-EAAA950C212C}.Debug|Any CPU.ActiveCfg = Debug|Any CPU
		{F1E5906E-BBA7-4DBD-B339-EAAA950C212C}.Debug|Any CPU.Build.0 = Debug|Any CPU
		{F1E5906E-BBA7-4DBD-B339-EAAA950C212C}.Release|Any CPU.ActiveCfg = Release|Any CPU
		{F1E5906E-BBA7-4DBD-B339-EAAA950C212C}.Release|Any CPU.Build.0 = Release|Any CPU
	EndGlobalSection
	GlobalSection(SolutionProperties) = preSolution
		HideSolutionNode = FALSE
	EndGlobalSection
	GlobalSection(ExtensibilityGlobals) = postSolution
		SolutionGuid = {899DBDFD-9D75-4E98-B0E8-B3A3A9517655}
	EndGlobalSection
EndGlobal
